
Microsoft Visual Studio Solution File, Format Version 12.00
# Visual Studio Version 17
VisualStudioVersion = 17.3.32929.385
MinimumVisualStudioVersion = 10.0.40219.1
Project("{8BC9CEB8-8B4A-11D0-8D11-00A0C91BC942}") = "Simpro", "Simpro\Simpro.vcxproj", "{C1B8DF80-16C3-4A09-AC89-ACB4083720A8}"
EndProject
Project("{8BC9CEB8-8B4A-11D0-8D11-00A0C91BC942}") = "Sandbox", "Sandbox\Sandbox.vcxproj", "{0620095E-EE30-45CD-B4A5-6471852965BA}"
EndProject
Global
	GlobalSection(SolutionConfigurationPlatforms) = preSolution
		Debug|x64 = Debug|x64
		Release|x64 = Release|x64
	EndGlobalSection
	GlobalSection(ProjectConfigurationPlatforms) = postSolution
		{C1B8DF80-16C3-4A09-AC89-ACB4083720A8}.Debug|x64.ActiveCfg = Debug|x64
		{C1B8DF80-16C3-4A09-AC89-ACB4083720A8}.Debug|x64.Build.0 = Debug|x64
		{C1B8DF80-16C3-4A09-AC89-ACB4083720A8}.Release|x64.ActiveCfg = Release|x64
		{C1B8DF80-16C3-4A09-AC89-ACB4083720A8}.Release|x64.Build.0 = Release|x64
		{0620095E-EE30-45CD-B4A5-6471852965BA}.Debug|x64.ActiveCfg = Debug|x64
		{0620095E-EE30-45CD-B4A5-6471852965BA}.Debug|x64.Build.0 = Debug|x64
		{0620095E-EE30-45CD-B4A5-6471852965BA}.Release|x64.ActiveCfg = Release|x64
		{0620095E-EE30-45CD-B4A5-6471852965BA}.Release|x64.Build.0 = Release|x64
	EndGlobalSection
	GlobalSection(SolutionProperties) = preSolution
		HideSolutionNode = FALSE
	EndGlobalSection
	GlobalSection(ExtensibilityGlobals) = postSolution
		SolutionGuid = {8EE0ABB9-C4B5-46AE-B0F7-E7A2E4E4045E}
	EndGlobalSection
EndGlobal
