<?xml version="1.0" encoding="utf-8"?>
<Project ToolsVersion="4.0" xmlns="http://schemas.microsoft.com/developer/msbuild/2003">
  <ItemGroup>
    <Filter Include="Simpro">
      <UniqueIdentifier>{BFEE24D1-AB90-4FA7-944B-63FB808CD6F7}</UniqueIdentifier>
    </Filter>
  </ItemGroup>
  <ItemGroup>
    <ClInclude Include="src\Simpro.h" />
    <ClInclude Include="src\Simpro\Application.h">
      <Filter>Simpro</Filter>
    </ClInclude>
    <ClInclude Include="src\Simpro\Core.h">
      <Filter>Simpro</Filter>
    </ClInclude>
    <ClInclude Include="src\Simpro\EntryPoint.h">
      <Filter>Simpro</Filter>
    </ClInclude>
    <ClInclude Include="src\Simpro\Log.h">
      <Filter>Simpro</Filter>
    </ClInclude>
  </ItemGroup>
  <ItemGroup>
    <ClCompile Include="src\Simpro\Application.cpp">
      <Filter>Simpro</Filter>
    </ClCompile>
    <ClCompile Include="src\Simpro\Log.cpp">
      <Filter>Simpro</Filter>
    </ClCompile>
  </ItemGroup>
</Project>